
Microsoft Visual Studio Solution File, Format Version 12.00
# Visual Studio 15
VisualStudioVersion = 15.0.28010.2041
MinimumVisualStudioVersion = 10.0.40219.1
Project("{FAE04EC0-301F-11D3-BF4B-00C04F79EFBC}") = "PrestigeWorldwide", "PrestigeWorldwide\PrestigeWorldwide.csproj", "{00552FAB-B623-4CC8-8B38-B240CA504E88}"
EndProject
Project("{FAE04EC0-301F-11D3-BF4B-00C04F79EFBC}") = "PrestigeWorldwide.Tests", "PrestigeWorldwide.Tests\PrestigeWorldwide.Tests.csproj", "{FC9F9221-3D5D-4FAF-9010-5B2B7FA566C4}"
EndProject
Global
	GlobalSection(SolutionConfigurationPlatforms) = preSolution
		Debug|Any CPU = Debug|Any CPU
		Release|Any CPU = Release|Any CPU
	EndGlobalSection
	GlobalSection(ProjectConfigurationPlatforms) = postSolution
		{00552FAB-B623-4CC8-8B38-B240CA504E88}.Debug|Any CPU.ActiveCfg = Debug|Any CPU
		{00552FAB-B623-4CC8-8B38-B240CA504E88}.Debug|Any CPU.Build.0 = Debug|Any CPU
		{00552FAB-B623-4CC8-8B38-B240CA504E88}.Release|Any CPU.ActiveCfg = Release|Any CPU
		{00552FAB-B623-4CC8-8B38-B240CA504E88}.Release|Any CPU.Build.0 = Release|Any CPU
		{FC9F9221-3D5D-4FAF-9010-5B2B7FA566C4}.Debug|Any CPU.ActiveCfg = Debug|Any CPU
		{FC9F9221-3D5D-4FAF-9010-5B2B7FA566C4}.Debug|Any CPU.Build.0 = Debug|Any CPU
		{FC9F9221-3D5D-4FAF-9010-5B2B7FA566C4}.Release|Any CPU.ActiveCfg = Release|Any CPU
		{FC9F9221-3D5D-4FAF-9010-5B2B7FA566C4}.Release|Any CPU.Build.0 = Release|Any CPU
	EndGlobalSection
	GlobalSection(SolutionProperties) = preSolution
		HideSolutionNode = FALSE
	EndGlobalSection
	GlobalSection(ExtensibilityGlobals) = postSolution
		SolutionGuid = {21CE7B0D-5D71-422E-A314-B1F73EA0D2B8}
	EndGlobalSection
EndGlobal
